
Microsoft Visual Studio Solution File, Format Version 12.00
# Visual Studio Version 16
VisualStudioVersion = 16.0.30204.135
MinimumVisualStudioVersion = 10.0.40219.1
Project("{FAE04EC0-301F-11D3-BF4B-00C04F79EFBC}") = "domash_20_zadaniy_obrabotka", "domash_20_zadaniy_obrabotka\domash_20_zadaniy_obrabotka.csproj", "{2D42B920-2A7F-41BD-A2E5-F81ACE09E0D3}"
EndProject
Global
	GlobalSection(SolutionConfigurationPlatforms) = preSolution
		Debug|Any CPU = Debug|Any CPU
		Release|Any CPU = Release|Any CPU
	EndGlobalSection
	GlobalSection(ProjectConfigurationPlatforms) = postSolution
		{2D42B920-2A7F-41BD-A2E5-F81ACE09E0D3}.Debug|Any CPU.ActiveCfg = Debug|Any CPU
		{2D42B920-2A7F-41BD-A2E5-F81ACE09E0D3}.Debug|Any CPU.Build.0 = Debug|Any CPU
		{2D42B920-2A7F-41BD-A2E5-F81ACE09E0D3}.Release|Any CPU.ActiveCfg = Release|Any CPU
		{2D42B920-2A7F-41BD-A2E5-F81ACE09E0D3}.Release|Any CPU.Build.0 = Release|Any CPU
	EndGlobalSection
	GlobalSection(SolutionProperties) = preSolution
		HideSolutionNode = FALSE
	EndGlobalSection
	GlobalSection(ExtensibilityGlobals) = postSolution
		SolutionGuid = {4873E29A-13A6-46E4-8A31-54C3C72A045C}
	EndGlobalSection
EndGlobal
